{
  "nodes": {
    "flake-utils": {
      "locked": {
        "lastModified": 1652776076,
        "narHash": "sha256-gzTw/v1vj4dOVbpBSJX4J0DwUR6LIyXo7/SuuTJp1kM=",
        "owner": "numtide",
        "repo": "flake-utils",
        "rev": "04c1b180862888302ddfb2e3ad9eaa63afc60cf8",
        "type": "github"
      },
      "original": {
        "owner": "numtide",
        "ref": "v1.0.0",
        "repo": "flake-utils",
        "type": "github"
      }
    },
    "nixpkgs": {
      "locked": {
        "lastModified": 1717179513,
        "narHash": "sha256-vboIEwIQojofItm2xGCdZCzW96U85l9nDW3ifMuAIdM=",
        "owner": "NixOS",
        "repo": "nixpkgs",
        "rev": "63dacb46bf939521bdc93981b4cbb7ecb58427a0",
        "type": "github"
      },
      "original": {
        "owner": "NixOS",
        "ref": "24.05",
        "repo": "nixpkgs",
        "type": "github"
      }
    },
    "pythoneda-shared-pythonlang-banner": {
      "inputs": {
        "flake-utils": [
          "flake-utils"
        ],
        "nixpkgs": [
          "nixpkgs"
        ]
      },
      "locked": {
        "lastModified": 1737137100,
        "narHash": "sha256-bN2Zs5APOVJKXMO1OUzD3M5j14kGveuV6VIahV6NL1k=",
        "owner": "pythoneda-shared-pythonlang-def",
        "repo": "banner",
        "rev": "a92886cc7c01fb483b51991ae8a363717052bac7",
        "type": "github"
      },
      "original": {
        "owner": "pythoneda-shared-pythonlang-def",
        "ref": "0.0.79",
        "repo": "banner",
        "type": "github"
      }
    },
    "pythoneda-shared-pythonlang-domain": {
      "inputs": {
        "flake-utils": [
          "flake-utils"
        ],
        "nixpkgs": [
          "nixpkgs"
        ],
        "pythoneda-shared-pythonlang-banner": [
          "pythoneda-shared-pythonlang-banner"
        ]
      },
      "locked": {
        "lastModified": 1737141070,
        "narHash": "sha256-6OSx60UuEPSC3lUH9rGZ7IMSsZi0E0uqedTze11P3eE=",
        "owner": "pythoneda-shared-pythonlang-def",
        "repo": "domain",
        "rev": "1f39824ae26c11d0dc8dc1c1833480d933941785",
        "type": "github"
      },
      "original": {
        "owner": "pythoneda-shared-pythonlang-def",
        "ref": "0.0.115",
        "repo": "domain",
        "type": "github"
      }
    },
    "root": {
      "inputs": {
        "flake-utils": "flake-utils",
        "nixpkgs": "nixpkgs",
        "pythoneda-shared-pythonlang-banner": "pythoneda-shared-pythonlang-banner",
        "pythoneda-shared-pythonlang-domain": "pythoneda-shared-pythonlang-domain"
      }
    }
  },
  "root": "root",
  "version": 7
}
